
Microsoft Visual Studio Solution File, Format Version 11.00
# Visual Studio 2010
Project("{FAE04EC0-301F-11D3-BF4B-00C04F79EFBC}") = "Assembly-CSharp", "Assembly-CSharp.csproj", "{8CC35182-0FE3-B27E-27C5-FEDF7944BC25}"
EndProject
Global
	GlobalSection(SolutionConfigurationPlatforms) = preSolution
		Debug|Any CPU = Debug|Any CPU
		Release|Any CPU = Release|Any CPU
	EndGlobalSection
	GlobalSection(ProjectConfigurationPlatforms) = postSolution
		{8CC35182-0FE3-B27E-27C5-FEDF7944BC25}.Debug|Any CPU.ActiveCfg = Debug|Any CPU
		{8CC35182-0FE3-B27E-27C5-FEDF7944BC25}.Debug|Any CPU.Build.0 = Debug|Any CPU
		{8CC35182-0FE3-B27E-27C5-FEDF7944BC25}.Release|Any CPU.ActiveCfg = Release|Any CPU
		{8CC35182-0FE3-B27E-27C5-FEDF7944BC25}.Release|Any CPU.Build.0 = Release|Any CPU
	EndGlobalSection
	GlobalSection(SolutionProperties) = preSolution
		HideSolutionNode = FALSE
	EndGlobalSection
EndGlobal
